Microsoft Visual Studio Solution File, Format Version 11.00
# Visual Studio 2008

Project("{D03EF239-1588-1AAA-B756-152EE2DD258C}") = "RidiculousGame", "Assembly-CSharp.csproj", "{DA5337D5-ECF4-F5F6-7F01-4282B4615037}"
EndProject
Global
	GlobalSection(SolutionConfigurationPlatforms) = preSolution
		Debug|Any CPU = Debug|Any CPU
		Release|Any CPU = Release|Any CPU
	EndGlobalSection
	GlobalSection(ProjectConfigurationPlatforms) = postSolution
		{DA5337D5-ECF4-F5F6-7F01-4282B4615037}.Debug|Any CPU.ActiveCfg = Debug|Any CPU
		{DA5337D5-ECF4-F5F6-7F01-4282B4615037}.Debug|Any CPU.Build.0 = Debug|Any CPU
		{DA5337D5-ECF4-F5F6-7F01-4282B4615037}.Release|Any CPU.ActiveCfg = Release|Any CPU
		{DA5337D5-ECF4-F5F6-7F01-4282B4615037}.Release|Any CPU.Build.0 = Release|Any CPU
	EndGlobalSection
	GlobalSection(SolutionProperties) = preSolution
		HideSolutionNode = FALSE
	EndGlobalSection
	GlobalSection(MonoDevelopProperties) = preSolution
		StartupItem = Assembly-CSharp.csproj
	EndGlobalSection
EndGlobal
